// !$*UTF8*$!
{
	archiveVersion = 1;
	classes = {
	};
	objectVersion = 46;
	objects = {

/* Begin PBXBuildFile section */
		2D009CD51BAAE52E0042021D /* MZKCollectionItemResource.m in Sources */ = {isa = PBXBuildFile; fileRef = 2D009CD41BAAE52E0042021D /* MZKCollectionItemResource.m */; };
		2D02A4621B0624C100D51B0C /* MZKPageObject.m in Sources */ = {isa = PBXBuildFile; fileRef = 2D02A4611B0624C100D51B0C /* MZKPageObject.m */; };
		2D13D54A1C3E66BD00DB4190 /* inst.sql in Resources */ = {isa = PBXBuildFile; fileRef = 2D13D5471C3E66BD00DB4190 /* inst.sql */; };
		2D13D54B1C3E66BD00DB4190 /* languages.sql in Resources */ = {isa = PBXBuildFile; fileRef = 2D13D5481C3E66BD00DB4190 /* languages.sql */; };
		2D13D54C1C3E66BD00DB4190 /* relators.sql in Resources */ = {isa = PBXBuildFile; fileRef = 2D13D5491C3E66BD00DB4190 /* relators.sql */; };
		2D13D54E1C3E8B8C00DB4190 /* values.sql in Resources */ = {isa = PBXBuildFile; fileRef = 2D13D54D1C3E8B8C00DB4190 /* values.sql */; };
		2D13D5671C3FC6AD00DB4190 /* MZKDetailInformationModel.m in Sources */ = {isa = PBXBuildFile; fileRef = 2D13D5661C3FC6AD00DB4190 /* MZKDetailInformationModel.m */; };
		2D1FD9201CAC15A700408166 /* libraries.json in Resources */ = {isa = PBXBuildFile; fileRef = 2D1FD91F1CAC15A700408166 /* libraries.json */; };
		2D24F06D1B7378740073FC83 /* MZKSearchViewController.m in Sources */ = {isa = PBXBuildFile; fileRef = 2D24F06C1B7378740073FC83 /* MZKSearchViewController.m */; };
		2D24F0701B7387E40073FC83 /* MZKChangeLibraryViewController.m in Sources */ = {isa = PBXBuildFile; fileRef = 2D24F06F1B7387E40073FC83 /* MZKChangeLibraryViewController.m */; };
		2D24F0761B74C0A80073FC83 /* MZKCollectionItem.m in Sources */ = {isa = PBXBuildFile; fileRef = 2D24F0751B74C0A80073FC83 /* MZKCollectionItem.m */; };
		2D2505C71AFE08C30079F70E /* MZKItemTableViewCell.m in Sources */ = {isa = PBXBuildFile; fileRef = 2D2505C61AFE08C30079F70E /* MZKItemTableViewCell.m */; };
		2D2505CA1AFE721A0079F70E /* MZKDomainItem.m in Sources */ = {isa = PBXBuildFile; fileRef = 2D2505C91AFE721A0079F70E /* MZKDomainItem.m */; };
		2D2505CD1AFE73300079F70E /* MZKConstants.m in Sources */ = {isa = PBXBuildFile; fileRef = 2D2505CC1AFE73300079F70E /* MZKConstants.m */; };
		2D2505D01AFE76880079F70E /* MZKDomainHolder.m in Sources */ = {isa = PBXBuildFile; fileRef = 2D2505CF1AFE76880079F70E /* MZKDomainHolder.m */; };
		2D2763D71B6B641900CC7E4F /* index.html in Resources */ = {isa = PBXBuildFile; fileRef = 2D2763D41B6B641900CC7E4F /* index.html */; };
		2D2763D81B6B641900CC7E4F /* ol.js in Resources */ = {isa = PBXBuildFile; fileRef = 2D2763D51B6B641900CC7E4F /* ol.js */; };
		2D2763D91B6B641900CC7E4F /* zoomify.js in Resources */ = {isa = PBXBuildFile; fileRef = 2D2763D61B6B641900CC7E4F /* zoomify.js */; };
		2D2787C41BF4B92A0007D00E /* MediaPlayer.framework in Frameworks */ = {isa = PBXBuildFile; fileRef = 2D2787C31BF4B92A0007D00E /* MediaPlayer.framework */; };
		2D2787C61BF4BB4A0007D00E /* AVFoundation.framework in Frameworks */ = {isa = PBXBuildFile; fileRef = 2D2787C51BF4BB4A0007D00E /* AVFoundation.framework */; };
		2D2A64801AF8EF3800D82E04 /* MZKMainViewController.m in Sources */ = {isa = PBXBuildFile; fileRef = 2D2A647F1AF8EF3800D82E04 /* MZKMainViewController.m */; };
		2D2A64821AF8FC9400D82E04 /* Menu-50.png in Resources */ = {isa = PBXBuildFile; fileRef = 2D2A64811AF8FC9400D82E04 /* Menu-50.png */; };
		2D2DA5201BEF9BCD00423447 /* MZKPageDetailCollectionViewCell.m in Sources */ = {isa = PBXBuildFile; fileRef = 2D2DA51F1BEF9BCD00423447 /* MZKPageDetailCollectionViewCell.m */; };
		2D2DA5281BF1E03A00423447 /* MZKMusicViewController.m in Sources */ = {isa = PBXBuildFile; fileRef = 2D2DA5271BF1E03A00423447 /* MZKMusicViewController.m */; };
		2D2DA52E1BF2356900423447 /* MZKGeneralColletionViewController.m in Sources */ = {isa = PBXBuildFile; fileRef = 2D2DA52D1BF2356900423447 /* MZKGeneralColletionViewController.m */; };
		2D33C3571C2819E9002BA7D1 /* MZKSettingsViewController.m in Sources */ = {isa = PBXBuildFile; fileRef = 2D33C3561C2819E9002BA7D1 /* MZKSettingsViewController.m */; };
		2D3698E41C8ADBF6008FEF3C /* MZKDetailInformationStringModel.m in Sources */ = {isa = PBXBuildFile; fileRef = 2D3698E31C8ADBF6008FEF3C /* MZKDetailInformationStringModel.m */; };
		2D409B781B8B460E00B49EAD /* MZKDataSourceTableViewCell.m in Sources */ = {isa = PBXBuildFile; fileRef = 2D409B771B8B460E00B49EAD /* MZKDataSourceTableViewCell.m */; };
		2D409B7B1B8B4C8B00B49EAD /* MZKLibraryItem.m in Sources */ = {isa = PBXBuildFile; fileRef = 2D409B7A1B8B4C8B00B49EAD /* MZKLibraryItem.m */; };
		2D41FEF81C3B03460087F22E /* MZKDetailInformationDataSource.m in Sources */ = {isa = PBXBuildFile; fileRef = 2D41FEF71C3B03460087F22E /* MZKDetailInformationDataSource.m */; };
		2D41FEFB1C3B036D0087F22E /* MZKDetailInformationViewController.m in Sources */ = {isa = PBXBuildFile; fileRef = 2D41FEFA1C3B036D0087F22E /* MZKDetailInformationViewController.m */; };
		2D41FF011C3BBF970087F22E /* libsqlite3.tbd in Frameworks */ = {isa = PBXBuildFile; fileRef = 2D41FF001C3BBF970087F22E /* libsqlite3.tbd */; };
		2D41FF051C3BBFE50087F22E /* MZKDatabaseManager.m in Sources */ = {isa = PBXBuildFile; fileRef = 2D41FF041C3BBFE50087F22E /* MZKDatabaseManager.m */; };
		2D44DF3F1CB397EF001EF49F /* MZKTabBarMenuViewController.m in Sources */ = {isa = PBXBuildFile; fileRef = 2D44DF3E1CB397EF001EF49F /* MZKTabBarMenuViewController.m */; };
		2D47472F1D467E4B00D6F5F8 /* MZKSearchTableViewCell.m in Sources */ = {isa = PBXBuildFile; fileRef = 2D47472E1D467E4B00D6F5F8 /* MZKSearchTableViewCell.m */; };
		2D4747321D4684BD00D6F5F8 /* MZKSearchHistoryItem.m in Sources */ = {isa = PBXBuildFile; fileRef = 2D4747311D4684BD00D6F5F8 /* MZKSearchHistoryItem.m */; };
		2D58E8F61BA57BAC000D444C /* MZKCollectionTableViewCell.m in Sources */ = {isa = PBXBuildFile; fileRef = 2D58E8F51BA57BAC000D444C /* MZKCollectionTableViewCell.m */; };
		2D665DBD1B02927500B11765 /* MZKDetailViewController.m in Sources */ = {isa = PBXBuildFile; fileRef = 2D665DBC1B02927500B11765 /* MZKDetailViewController.m */; };
		2D665DC01B03D98C00B11765 /* MZKCollectionsViewController.m in Sources */ = {isa = PBXBuildFile; fileRef = 2D665DBF1B03D98C00B11765 /* MZKCollectionsViewController.m */; };
		2D78B2971C200DC0004341DA /* MZKAboutViewController.m in Sources */ = {isa = PBXBuildFile; fileRef = 2D78B2961C200DC0004341DA /* MZKAboutViewController.m */; };
		2D8BB7C71BCE3FC4008E53A1 /* MZKItemCollectionViewCell.m in Sources */ = {isa = PBXBuildFile; fileRef = 2D8BB7C61BCE3FC4008E53A1 /* MZKItemCollectionViewCell.m */; };
		2D9150F21C82F4C200AD380F /* MyURLProtocol.m in Sources */ = {isa = PBXBuildFile; fileRef = 2D9150F11C82F4C200AD380F /* MyURLProtocol.m */; };
		2D91512C1C873D2C00AD380F /* MZKDetailInformationTableViewCell.m in Sources */ = {isa = PBXBuildFile; fileRef = 2D91512B1C873D2C00AD380F /* MZKDetailInformationTableViewCell.m */; };
		2D91D3971CC8A8A000EBE622 /* Localizable.strings in Resources */ = {isa = PBXBuildFile; fileRef = 2D91D3991CC8A8A000EBE622 /* Localizable.strings */; };
		2D93784C1DA29232005B2ED3 /* Security.framework in Frameworks */ = {isa = PBXBuildFile; fileRef = 2D93784B1DA29232005B2ED3 /* Security.framework */; };
		2D93784E1DA293DF005B2ED3 /* AFNetworking.framework in Frameworks */ = {isa = PBXBuildFile; fileRef = 2D93784D1DA293DF005B2ED3 /* AFNetworking.framework */; };
		2D93784F1DA293DF005B2ED3 /* AFNetworking.framework in Embed Frameworks */ = {isa = PBXBuildFile; fileRef = 2D93784D1DA293DF005B2ED3 /* AFNetworking.framework */; settings = {ATTRIBUTES = (CodeSignOnCopy, RemoveHeadersOnCopy, ); }; };
		2DA030521C0A002800B7759B /* MZKBaseViewController.m in Sources */ = {isa = PBXBuildFile; fileRef = 2DA030511C0A002800B7759B /* MZKBaseViewController.m */; };
		2DAA60721BA758AB0004A718 /* MZKCollectionDetailViewController.m in Sources */ = {isa = PBXBuildFile; fileRef = 2DAA60711BA758AB0004A718 /* MZKCollectionDetailViewController.m */; };
		2DAA60751BA7590B0004A718 /* MZKDetailCollectionViewCell.m in Sources */ = {isa = PBXBuildFile; fileRef = 2DAA60741BA7590B0004A718 /* MZKDetailCollectionViewCell.m */; };
		2DB5E44E1CB25CF300C90D36 /* UIImageView+ProgressView.m in Sources */ = {isa = PBXBuildFile; fileRef = 2DB5E44D1CB25CF300C90D36 /* UIImageView+ProgressView.m */; };
		2DB88C1B1C15B0E900AC7070 /* GoogleService-Info.plist in Resources */ = {isa = PBXBuildFile; fileRef = 2DB88C1A1C15B0E900AC7070 /* GoogleService-Info.plist */; };
		2DB8A7971ACD073400A1BB2E /* main.m in Sources */ = {isa = PBXBuildFile; fileRef = 2DB8A7961ACD073400A1BB2E /* main.m */; };
		2DB8A79A1ACD073400A1BB2E /* AppDelegate.m in Sources */ = {isa = PBXBuildFile; fileRef = 2DB8A7991ACD073400A1BB2E /* AppDelegate.m */; };
		2DB8A7A31ACD073400A1BB2E /* Main.storyboard in Resources */ = {isa = PBXBuildFile; fileRef = 2DB8A7A11ACD073400A1BB2E /* Main.storyboard */; };
		2DB8A7A51ACD073400A1BB2E /* Images.xcassets in Resources */ = {isa = PBXBuildFile; fileRef = 2DB8A7A41ACD073400A1BB2E /* Images.xcassets */; };
		2DB8A7A81ACD073400A1BB2E /* LaunchScreen.xib in Resources */ = {isa = PBXBuildFile; fileRef = 2DB8A7A61ACD073400A1BB2E /* LaunchScreen.xib */; };
		2DCAE25C1C09D6C8002DD38A /* MZKSearchBarCollectionReusableView.m in Sources */ = {isa = PBXBuildFile; fileRef = 2DCAE25B1C09D6C8002DD38A /* MZKSearchBarCollectionReusableView.m */; };
		2DD1B9EE1D9D4AE0004011FC /* MZKNavigationViewController.m in Sources */ = {isa = PBXBuildFile; fileRef = 2DD1B9ED1D9D4AE0004011FC /* MZKNavigationViewController.m */; };
		2DD1B9F11D9E42D4004011FC /* UINavigationBar+CustomHeight.m in Sources */ = {isa = PBXBuildFile; fileRef = 2DD1B9F01D9E42D4004011FC /* UINavigationBar+CustomHeight.m */; };
		2DD583A01B6FA0BA001ED3B3 /* XMLReader.m in Sources */ = {isa = PBXBuildFile; fileRef = 2DD5839F1B6FA0BA001ED3B3 /* XMLReader.m */; };
		2DE387601AE523B400A2004E /* MZKItemResource.m in Sources */ = {isa = PBXBuildFile; fileRef = 2DE3875F1AE523B400A2004E /* MZKItemResource.m */; };
		2DE387631AE526AB00A2004E /* MZKDatasource.m in Sources */ = {isa = PBXBuildFile; fileRef = 2DE387621AE526AA00A2004E /* MZKDatasource.m */; };
		2DE98BD01C7F2FB20088018B /* MZKRecentlyOpenedDocumentsViewController.m in Sources */ = {isa = PBXBuildFile; fileRef = 2DE98BCF1C7F2FB20088018B /* MZKRecentlyOpenedDocumentsViewController.m */; };
		2DFA424B1D54880900FC6EEF /* MZKQueue.m in Sources */ = {isa = PBXBuildFile; fileRef = 2DFA424A1D54880900FC6EEF /* MZKQueue.m */; };
		759A7DECF30310912FD01D8D /* Pods_MZK_iOS.framework in Frameworks */ = {isa = PBXBuildFile; fileRef = 49C90D7A1AB48D0E0C75DD57 /* Pods_MZK_iOS.framework */; };
/* End PBXBuildFile section */

/* Begin PBXCopyFilesBuildPhase section */
		2D9378501DA293DF005B2ED3 /* Embed Frameworks */ = {
			isa = PBXCopyFilesBuildPhase;
			buildActionMask = 2147483647;
			dstPath = "";
			dstSubfolderSpec = 10;
			files = (
				2D93784F1DA293DF005B2ED3 /* AFNetworking.framework in Embed Frameworks */,
			);
			name = "Embed Frameworks";
			runOnlyForDeploymentPostprocessing = 0;
		};
/* End PBXCopyFilesBuildPhase section */

/* Begin PBXFileReference section */
		2D009CD31BAAE52E0042021D /* MZKCollectionItemResource.h */ = {isa = PBXFileReference; fileEncoding = 4; lastKnownFileType = sourcecode.c.h; path = MZKCollectionItemResource.h; sourceTree = "<group>"; };
		2D009CD41BAAE52E0042021D /* MZKCollectionItemResource.m */ = {isa = PBXFileReference; fileEncoding = 4; lastKnownFileType = sourcecode.c.objc; path = MZKCollectionItemResource.m; sourceTree = "<group>"; };
		2D02A4601B0624C100D51B0C /* MZKPageObject.h */ = {isa = PBXFileReference; fileEncoding = 4; lastKnownFileType = sourcecode.c.h; path = MZKPageObject.h; sourceTree = "<group>"; };
		2D02A4611B0624C100D51B0C /* MZKPageObject.m */ = {isa = PBXFileReference; fileEncoding = 4; lastKnownFileType = sourcecode.c.objc; path = MZKPageObject.m; sourceTree = "<group>"; };
		2D13D5471C3E66BD00DB4190 /* inst.sql */ = {isa = PBXFileReference; fileEncoding = 4; lastKnownFileType = text; path = inst.sql; sourceTree = "<group>"; };
		2D13D5481C3E66BD00DB4190 /* languages.sql */ = {isa = PBXFileReference; fileEncoding = 4; lastKnownFileType = text; path = languages.sql; sourceTree = "<group>"; };
		2D13D5491C3E66BD00DB4190 /* relators.sql */ = {isa = PBXFileReference; fileEncoding = 4; lastKnownFileType = text; path = relators.sql; sourceTree = "<group>"; };
		2D13D54D1C3E8B8C00DB4190 /* values.sql */ = {isa = PBXFileReference; lastKnownFileType = file; path = values.sql; sourceTree = "<group>"; };
		2D13D5651C3FC6AD00DB4190 /* MZKDetailInformationModel.h */ = {isa = PBXFileReference; fileEncoding = 4; lastKnownFileType = sourcecode.c.h; name = MZKDetailInformationModel.h; path = ../MZKDetailInformationModel.h; sourceTree = "<group>"; };
		2D13D5661C3FC6AD00DB4190 /* MZKDetailInformationModel.m */ = {isa = PBXFileReference; fileEncoding = 4; lastKnownFileType = sourcecode.c.objc; name = MZKDetailInformationModel.m; path = ../MZKDetailInformationModel.m; sourceTree = "<group>"; };
		2D1FD91F1CAC15A700408166 /* libraries.json */ = {isa = PBXFileReference; fileEncoding = 4; lastKnownFileType = text.json; path = libraries.json; sourceTree = "<group>"; };
		2D24F06B1B7378740073FC83 /* MZKSearchViewController.h */ = {isa = PBXFileReference; fileEncoding = 4; lastKnownFileType = sourcecode.c.h; path = MZKSearchViewController.h; sourceTree = "<group>"; };
		2D24F06C1B7378740073FC83 /* MZKSearchViewController.m */ = {isa = PBXFileReference; fileEncoding = 4; lastKnownFileType = sourcecode.c.objc; path = MZKSearchViewController.m; sourceTree = "<group>"; };
		2D24F06E1B7387E40073FC83 /* MZKChangeLibraryViewController.h */ = {isa = PBXFileReference; fileEncoding = 4; lastKnownFileType = sourcecode.c.h; path = MZKChangeLibraryViewController.h; sourceTree = "<group>"; };
		2D24F06F1B7387E40073FC83 /* MZKChangeLibraryViewController.m */ = {isa = PBXFileReference; fileEncoding = 4; lastKnownFileType = sourcecode.c.objc; path = MZKChangeLibraryViewController.m; sourceTree = "<group>"; };
		2D24F0741B74C0A80073FC83 /* MZKCollectionItem.h */ = {isa = PBXFileReference; fileEncoding = 4; lastKnownFileType = sourcecode.c.h; path = MZKCollectionItem.h; sourceTree = "<group>"; };
		2D24F0751B74C0A80073FC83 /* MZKCollectionItem.m */ = {isa = PBXFileReference; fileEncoding = 4; lastKnownFileType = sourcecode.c.objc; path = MZKCollectionItem.m; sourceTree = "<group>"; };
		2D2505C51AFE08C30079F70E /* MZKItemTableViewCell.h */ = {isa = PBXFileReference; fileEncoding = 4; lastKnownFileType = sourcecode.c.h; path = MZKItemTableViewCell.h; sourceTree = "<group>"; };
		2D2505C61AFE08C30079F70E /* MZKItemTableViewCell.m */ = {isa = PBXFileReference; fileEncoding = 4; lastKnownFileType = sourcecode.c.objc; path = MZKItemTableViewCell.m; sourceTree = "<group>"; };
		2D2505C81AFE721A0079F70E /* MZKDomainItem.h */ = {isa = PBXFileReference; fileEncoding = 4; lastKnownFileType = sourcecode.c.h; path = MZKDomainItem.h; sourceTree = "<group>"; };
		2D2505C91AFE721A0079F70E /* MZKDomainItem.m */ = {isa = PBXFileReference; fileEncoding = 4; lastKnownFileType = sourcecode.c.objc; path = MZKDomainItem.m; sourceTree = "<group>"; };
		2D2505CB1AFE73300079F70E /* MZKConstants.h */ = {isa = PBXFileReference; fileEncoding = 4; lastKnownFileType = sourcecode.c.h; path = MZKConstants.h; sourceTree = "<group>"; };
		2D2505CC1AFE73300079F70E /* MZKConstants.m */ = {isa = PBXFileReference; fileEncoding = 4; lastKnownFileType = sourcecode.c.objc; path = MZKConstants.m; sourceTree = "<group>"; };
		2D2505CE1AFE76880079F70E /* MZKDomainHolder.h */ = {isa = PBXFileReference; fileEncoding = 4; lastKnownFileType = sourcecode.c.h; path = MZKDomainHolder.h; sourceTree = "<group>"; };
		2D2505CF1AFE76880079F70E /* MZKDomainHolder.m */ = {isa = PBXFileReference; fileEncoding = 4; lastKnownFileType = sourcecode.c.objc; path = MZKDomainHolder.m; sourceTree = "<group>"; };
		2D2763D41B6B641900CC7E4F /* index.html */ = {isa = PBXFileReference; fileEncoding = 4; lastKnownFileType = text.html; path = index.html; sourceTree = "<group>"; };
		2D2763D51B6B641900CC7E4F /* ol.js */ = {isa = PBXFileReference; fileEncoding = 4; lastKnownFileType = sourcecode.javascript; path = ol.js; sourceTree = "<group>"; };
		2D2763D61B6B641900CC7E4F /* zoomify.js */ = {isa = PBXFileReference; fileEncoding = 4; lastKnownFileType = sourcecode.javascript; path = zoomify.js; sourceTree = "<group>"; };
		2D2787C31BF4B92A0007D00E /* MediaPlayer.framework */ = {isa = PBXFileReference; lastKnownFileType = wrapper.framework; name = MediaPlayer.framework; path = System/Library/Frameworks/MediaPlayer.framework; sourceTree = SDKROOT; };
		2D2787C51BF4BB4A0007D00E /* AVFoundation.framework */ = {isa = PBXFileReference; lastKnownFileType = wrapper.framework; name = AVFoundation.framework; path = System/Library/Frameworks/AVFoundation.framework; sourceTree = SDKROOT; };
		2D2A647E1AF8EF3800D82E04 /* MZKMainViewController.h */ = {isa = PBXFileReference; fileEncoding = 4; lastKnownFileType = sourcecode.c.h; path = MZKMainViewController.h; sourceTree = "<group>"; };
		2D2A647F1AF8EF3800D82E04 /* MZKMainViewController.m */ = {isa = PBXFileReference; fileEncoding = 4; lastKnownFileType = sourcecode.c.objc; path = MZKMainViewController.m; sourceTree = "<group>"; };
		2D2A64811AF8FC9400D82E04 /* Menu-50.png */ = {isa = PBXFileReference; lastKnownFileType = image.png; path = "Menu-50.png"; sourceTree = "<group>"; };
		2D2DA51E1BEF9BCD00423447 /* MZKPageDetailCollectionViewCell.h */ = {isa = PBXFileReference; fileEncoding = 4; lastKnownFileType = sourcecode.c.h; path = MZKPageDetailCollectionViewCell.h; sourceTree = "<group>"; };
		2D2DA51F1BEF9BCD00423447 /* MZKPageDetailCollectionViewCell.m */ = {isa = PBXFileReference; fileEncoding = 4; lastKnownFileType = sourcecode.c.objc; path = MZKPageDetailCollectionViewCell.m; sourceTree = "<group>"; };
		2D2DA5261BF1E03A00423447 /* MZKMusicViewController.h */ = {isa = PBXFileReference; fileEncoding = 4; lastKnownFileType = sourcecode.c.h; path = MZKMusicViewController.h; sourceTree = "<group>"; };
		2D2DA5271BF1E03A00423447 /* MZKMusicViewController.m */ = {isa = PBXFileReference; fileEncoding = 4; lastKnownFileType = sourcecode.c.objc; path = MZKMusicViewController.m; sourceTree = "<group>"; };
		2D2DA52C1BF2356900423447 /* MZKGeneralColletionViewController.h */ = {isa = PBXFileReference; fileEncoding = 4; lastKnownFileType = sourcecode.c.h; path = MZKGeneralColletionViewController.h; sourceTree = "<group>"; };
		2D2DA52D1BF2356900423447 /* MZKGeneralColletionViewController.m */ = {isa = PBXFileReference; fileEncoding = 4; lastKnownFileType = sourcecode.c.objc; path = MZKGeneralColletionViewController.m; sourceTree = "<group>"; };
		2D33C3551C2819E9002BA7D1 /* MZKSettingsViewController.h */ = {isa = PBXFileReference; fileEncoding = 4; lastKnownFileType = sourcecode.c.h; path = MZKSettingsViewController.h; sourceTree = "<group>"; };
		2D33C3561C2819E9002BA7D1 /* MZKSettingsViewController.m */ = {isa = PBXFileReference; fileEncoding = 4; lastKnownFileType = sourcecode.c.objc; path = MZKSettingsViewController.m; sourceTree = "<group>"; };
		2D3698E21C8ADBF6008FEF3C /* MZKDetailInformationStringModel.h */ = {isa = PBXFileReference; fileEncoding = 4; lastKnownFileType = sourcecode.c.h; path = MZKDetailInformationStringModel.h; sourceTree = "<group>"; };
		2D3698E31C8ADBF6008FEF3C /* MZKDetailInformationStringModel.m */ = {isa = PBXFileReference; fileEncoding = 4; lastKnownFileType = sourcecode.c.objc; path = MZKDetailInformationStringModel.m; sourceTree = "<group>"; };
		2D3A0B441C204734008E4B47 /* MZK_iOS.entitlements */ = {isa = PBXFileReference; lastKnownFileType = text.xml; path = MZK_iOS.entitlements; sourceTree = "<group>"; };
		2D409B761B8B460E00B49EAD /* MZKDataSourceTableViewCell.h */ = {isa = PBXFileReference; fileEncoding = 4; lastKnownFileType = sourcecode.c.h; path = MZKDataSourceTableViewCell.h; sourceTree = "<group>"; };
		2D409B771B8B460E00B49EAD /* MZKDataSourceTableViewCell.m */ = {isa = PBXFileReference; fileEncoding = 4; lastKnownFileType = sourcecode.c.objc; path = MZKDataSourceTableViewCell.m; sourceTree = "<group>"; };
		2D409B791B8B4C8B00B49EAD /* MZKLibraryItem.h */ = {isa = PBXFileReference; fileEncoding = 4; lastKnownFileType = sourcecode.c.h; path = MZKLibraryItem.h; sourceTree = "<group>"; };
		2D409B7A1B8B4C8B00B49EAD /* MZKLibraryItem.m */ = {isa = PBXFileReference; fileEncoding = 4; lastKnownFileType = sourcecode.c.objc; path = MZKLibraryItem.m; sourceTree = "<group>"; };
		2D41FEF61C3B03460087F22E /* MZKDetailInformationDataSource.h */ = {isa = PBXFileReference; fileEncoding = 4; lastKnownFileType = sourcecode.c.h; path = MZKDetailInformationDataSource.h; sourceTree = "<group>"; };
		2D41FEF71C3B03460087F22E /* MZKDetailInformationDataSource.m */ = {isa = PBXFileReference; fileEncoding = 4; lastKnownFileType = sourcecode.c.objc; path = MZKDetailInformationDataSource.m; sourceTree = "<group>"; };
		2D41FEF91C3B036D0087F22E /* MZKDetailInformationViewController.h */ = {isa = PBXFileReference; fileEncoding = 4; lastKnownFileType = sourcecode.c.h; path = MZKDetailInformationViewController.h; sourceTree = "<group>"; };
		2D41FEFA1C3B036D0087F22E /* MZKDetailInformationViewController.m */ = {isa = PBXFileReference; fileEncoding = 4; lastKnownFileType = sourcecode.c.objc; path = MZKDetailInformationViewController.m; sourceTree = "<group>"; };
		2D41FF001C3BBF970087F22E /* libsqlite3.tbd */ = {isa = PBXFileReference; lastKnownFileType = "sourcecode.text-based-dylib-definition"; name = libsqlite3.tbd; path = usr/lib/libsqlite3.tbd; sourceTree = SDKROOT; };
		2D41FF031C3BBFE50087F22E /* MZKDatabaseManager.h */ = {isa = PBXFileReference; fileEncoding = 4; lastKnownFileType = sourcecode.c.h; path = MZKDatabaseManager.h; sourceTree = "<group>"; };
		2D41FF041C3BBFE50087F22E /* MZKDatabaseManager.m */ = {isa = PBXFileReference; fileEncoding = 4; lastKnownFileType = sourcecode.c.objc; path = MZKDatabaseManager.m; sourceTree = "<group>"; };
		2D44DF3D1CB397EF001EF49F /* MZKTabBarMenuViewController.h */ = {isa = PBXFileReference; fileEncoding = 4; lastKnownFileType = sourcecode.c.h; path = MZKTabBarMenuViewController.h; sourceTree = "<group>"; };
		2D44DF3E1CB397EF001EF49F /* MZKTabBarMenuViewController.m */ = {isa = PBXFileReference; fileEncoding = 4; lastKnownFileType = sourcecode.c.objc; path = MZKTabBarMenuViewController.m; sourceTree = "<group>"; };
		2D47472D1D467E4B00D6F5F8 /* MZKSearchTableViewCell.h */ = {isa = PBXFileReference; fileEncoding = 4; lastKnownFileType = sourcecode.c.h; path = MZKSearchTableViewCell.h; sourceTree = "<group>"; };
		2D47472E1D467E4B00D6F5F8 /* MZKSearchTableViewCell.m */ = {isa = PBXFileReference; fileEncoding = 4; lastKnownFileType = sourcecode.c.objc; path = MZKSearchTableViewCell.m; sourceTree = "<group>"; };
		2D4747301D4684BD00D6F5F8 /* MZKSearchHistoryItem.h */ = {isa = PBXFileReference; fileEncoding = 4; lastKnownFileType = sourcecode.c.h; path = MZKSearchHistoryItem.h; sourceTree = "<group>"; };
		2D4747311D4684BD00D6F5F8 /* MZKSearchHistoryItem.m */ = {isa = PBXFileReference; fileEncoding = 4; lastKnownFileType = sourcecode.c.objc; path = MZKSearchHistoryItem.m; sourceTree = "<group>"; };
		2D58E8F41BA57BAC000D444C /* MZKCollectionTableViewCell.h */ = {isa = PBXFileReference; fileEncoding = 4; lastKnownFileType = sourcecode.c.h; path = MZKCollectionTableViewCell.h; sourceTree = "<group>"; };
		2D58E8F51BA57BAC000D444C /* MZKCollectionTableViewCell.m */ = {isa = PBXFileReference; fileEncoding = 4; lastKnownFileType = sourcecode.c.objc; path = MZKCollectionTableViewCell.m; sourceTree = "<group>"; };
		2D665DBB1B02927500B11765 /* MZKDetailViewController.h */ = {isa = PBXFileReference; fileEncoding = 4; lastKnownFileType = sourcecode.c.h; name = MZKDetailViewController.h; path = ../MZKDetailViewController.h; sourceTree = "<group>"; };
		2D665DBC1B02927500B11765 /* MZKDetailViewController.m */ = {isa = PBXFileReference; fileEncoding = 4; lastKnownFileType = sourcecode.c.objc; name = MZKDetailViewController.m; path = ../MZKDetailViewController.m; sourceTree = "<group>"; };
		2D665DBE1B03D98C00B11765 /* MZKCollectionsViewController.h */ = {isa = PBXFileReference; fileEncoding = 4; lastKnownFileType = sourcecode.c.h; path = MZKCollectionsViewController.h; sourceTree = "<group>"; };
		2D665DBF1B03D98C00B11765 /* MZKCollectionsViewController.m */ = {isa = PBXFileReference; fileEncoding = 4; lastKnownFileType = sourcecode.c.objc; path = MZKCollectionsViewController.m; sourceTree = "<group>"; };
		2D78B2951C200DC0004341DA /* MZKAboutViewController.h */ = {isa = PBXFileReference; fileEncoding = 4; lastKnownFileType = sourcecode.c.h; path = MZKAboutViewController.h; sourceTree = "<group>"; };
		2D78B2961C200DC0004341DA /* MZKAboutViewController.m */ = {isa = PBXFileReference; fileEncoding = 4; lastKnownFileType = sourcecode.c.objc; path = MZKAboutViewController.m; sourceTree = "<group>"; };
		2D8BB7C51BCE3FC4008E53A1 /* MZKItemCollectionViewCell.h */ = {isa = PBXFileReference; fileEncoding = 4; lastKnownFileType = sourcecode.c.h; path = MZKItemCollectionViewCell.h; sourceTree = "<group>"; };
		2D8BB7C61BCE3FC4008E53A1 /* MZKItemCollectionViewCell.m */ = {isa = PBXFileReference; fileEncoding = 4; lastKnownFileType = sourcecode.c.objc; path = MZKItemCollectionViewCell.m; sourceTree = "<group>"; };
		2D9150F01C82F4C200AD380F /* MyURLProtocol.h */ = {isa = PBXFileReference; fileEncoding = 4; lastKnownFileType = sourcecode.c.h; path = MyURLProtocol.h; sourceTree = "<group>"; };
		2D9150F11C82F4C200AD380F /* MyURLProtocol.m */ = {isa = PBXFileReference; fileEncoding = 4; lastKnownFileType = sourcecode.c.objc; path = MyURLProtocol.m; sourceTree = "<group>"; };
		2D91512A1C873D2C00AD380F /* MZKDetailInformationTableViewCell.h */ = {isa = PBXFileReference; fileEncoding = 4; lastKnownFileType = sourcecode.c.h; path = MZKDetailInformationTableViewCell.h; sourceTree = "<group>"; };
		2D91512B1C873D2C00AD380F /* MZKDetailInformationTableViewCell.m */ = {isa = PBXFileReference; fileEncoding = 4; lastKnownFileType = sourcecode.c.objc; path = MZKDetailInformationTableViewCell.m; sourceTree = "<group>"; };
		2D91D3931CC8A85E00EBE622 /* en */ = {isa = PBXFileReference; lastKnownFileType = file.xib; name = en; path = en.lproj/LaunchScreen.xib; sourceTree = "<group>"; };
		2D91D3951CC8A86D00EBE622 /* Base */ = {isa = PBXFileReference; lastKnownFileType = file.storyboard; name = Base; path = Base.lproj/Main.storyboard; sourceTree = "<group>"; };
		2D91D3961CC8A87F00EBE622 /* cs */ = {isa = PBXFileReference; lastKnownFileType = text.plist.strings; name = cs; path = cs.lproj/Main.strings; sourceTree = "<group>"; };
		2D91D3981CC8A8A000EBE622 /* en */ = {isa = PBXFileReference; lastKnownFileType = text.plist.strings; name = en; path = en.lproj/Localizable.strings; sourceTree = "<group>"; };
		2D91D39A1CC8A8A900EBE622 /* cs */ = {isa = PBXFileReference; lastKnownFileType = text.plist.strings; name = cs; path = cs.lproj/Localizable.strings; sourceTree = "<group>"; };
		2D93784B1DA29232005B2ED3 /* Security.framework */ = {isa = PBXFileReference; lastKnownFileType = wrapper.framework; name = Security.framework; path = System/Library/Frameworks/Security.framework; sourceTree = SDKROOT; };
		2D93784D1DA293DF005B2ED3 /* AFNetworking.framework */ = {isa = PBXFileReference; explicitFileType = wrapper.framework; path = AFNetworking.framework; sourceTree = BUILT_PRODUCTS_DIR; };
		2DA030501C0A002800B7759B /* MZKBaseViewController.h */ = {isa = PBXFileReference; fileEncoding = 4; lastKnownFileType = sourcecode.c.h; path = MZKBaseViewController.h; sourceTree = "<group>"; };
		2DA030511C0A002800B7759B /* MZKBaseViewController.m */ = {isa = PBXFileReference; fileEncoding = 4; lastKnownFileType = sourcecode.c.objc; path = MZKBaseViewController.m; sourceTree = "<group>"; };
		2DAA60701BA758AB0004A718 /* MZKCollectionDetailViewController.h */ = {isa = PBXFileReference; fileEncoding = 4; lastKnownFileType = sourcecode.c.h; path = MZKCollectionDetailViewController.h; sourceTree = "<group>"; };
		2DAA60711BA758AB0004A718 /* MZKCollectionDetailViewController.m */ = {isa = PBXFileReference; fileEncoding = 4; lastKnownFileType = sourcecode.c.objc; path = MZKCollectionDetailViewController.m; sourceTree = "<group>"; };
		2DAA60731BA7590B0004A718 /* MZKDetailCollectionViewCell.h */ = {isa = PBXFileReference; fileEncoding = 4; lastKnownFileType = sourcecode.c.h; path = MZKDetailCollectionViewCell.h; sourceTree = "<group>"; };
		2DAA60741BA7590B0004A718 /* MZKDetailCollectionViewCell.m */ = {isa = PBXFileReference; fileEncoding = 4; lastKnownFileType = sourcecode.c.objc; path = MZKDetailCollectionViewCell.m; sourceTree = "<group>"; };
		2DB5E44C1CB25CF300C90D36 /* UIImageView+ProgressView.h */ = {isa = PBXFileReference; fileEncoding = 4; lastKnownFileType = sourcecode.c.h; path = "UIImageView+ProgressView.h"; sourceTree = "<group>"; };
		2DB5E44D1CB25CF300C90D36 /* UIImageView+ProgressView.m */ = {isa = PBXFileReference; fileEncoding = 4; lastKnownFileType = sourcecode.c.objc; path = "UIImageView+ProgressView.m"; sourceTree = "<group>"; };
		2DB88C1A1C15B0E900AC7070 /* GoogleService-Info.plist */ = {isa = PBXFileReference; fileEncoding = 4; lastKnownFileType = text.plist.xml; name = "GoogleService-Info.plist"; path = "../GoogleService-Info.plist"; sourceTree = "<group>"; };
		2DB8A7911ACD073400A1BB2E /* MZK_iOS.app */ = {isa = PBXFileReference; explicitFileType = wrapper.application; includeInIndex = 0; path = MZK_iOS.app; sourceTree = BUILT_PRODUCTS_DIR; };
		2DB8A7951ACD073400A1BB2E /* Info.plist */ = {isa = PBXFileReference; lastKnownFileType = text.plist.xml; path = Info.plist; sourceTree = "<group>"; };
		2DB8A7961ACD073400A1BB2E /* main.m */ = {isa = PBXFileReference; lastKnownFileType = sourcecode.c.objc; path = main.m; sourceTree = "<group>"; };
		2DB8A7981ACD073400A1BB2E /* AppDelegate.h */ = {isa = PBXFileReference; lastKnownFileType = sourcecode.c.h; path = AppDelegate.h; sourceTree = "<group>"; };
		2DB8A7991ACD073400A1BB2E /* AppDelegate.m */ = {isa = PBXFileReference; lastKnownFileType = sourcecode.c.objc; path = AppDelegate.m; sourceTree = "<group>"; };
		2DB8A7A41ACD073400A1BB2E /* Images.xcassets */ = {isa = PBXFileReference; lastKnownFileType = folder.assetcatalog; path = Images.xcassets; sourceTree = "<group>"; };
		2DB8A7B21ACD073400A1BB2E /* Info.plist */ = {isa = PBXFileReference; lastKnownFileType = text.plist.xml; path = Info.plist; sourceTree = "<group>"; };
		2DB8A7B31ACD073400A1BB2E /* MZK_iOSTests.m */ = {isa = PBXFileReference; lastKnownFileType = sourcecode.c.objc; path = MZK_iOSTests.m; sourceTree = "<group>"; };
		2DCAE25A1C09D6C8002DD38A /* MZKSearchBarCollectionReusableView.h */ = {isa = PBXFileReference; fileEncoding = 4; lastKnownFileType = sourcecode.c.h; path = MZKSearchBarCollectionReusableView.h; sourceTree = "<group>"; };
		2DCAE25B1C09D6C8002DD38A /* MZKSearchBarCollectionReusableView.m */ = {isa = PBXFileReference; fileEncoding = 4; lastKnownFileType = sourcecode.c.objc; path = MZKSearchBarCollectionReusableView.m; sourceTree = "<group>"; };
		2DD1B9EC1D9D4AE0004011FC /* MZKNavigationViewController.h */ = {isa = PBXFileReference; fileEncoding = 4; lastKnownFileType = sourcecode.c.h; path = MZKNavigationViewController.h; sourceTree = "<group>"; };
		2DD1B9ED1D9D4AE0004011FC /* MZKNavigationViewController.m */ = {isa = PBXFileReference; fileEncoding = 4; lastKnownFileType = sourcecode.c.objc; path = MZKNavigationViewController.m; sourceTree = "<group>"; };
		2DD1B9EF1D9E42D4004011FC /* UINavigationBar+CustomHeight.h */ = {isa = PBXFileReference; fileEncoding = 4; lastKnownFileType = sourcecode.c.h; path = "UINavigationBar+CustomHeight.h"; sourceTree = "<group>"; };
		2DD1B9F01D9E42D4004011FC /* UINavigationBar+CustomHeight.m */ = {isa = PBXFileReference; fileEncoding = 4; lastKnownFileType = sourcecode.c.objc; path = "UINavigationBar+CustomHeight.m"; sourceTree = "<group>"; };
		2DD5839E1B6FA0BA001ED3B3 /* XMLReader.h */ = {isa = PBXFileReference; fileEncoding = 4; lastKnownFileType = sourcecode.c.h; path = XMLReader.h; sourceTree = "<group>"; };
		2DD5839F1B6FA0BA001ED3B3 /* XMLReader.m */ = {isa = PBXFileReference; fileEncoding = 4; lastKnownFileType = sourcecode.c.objc; path = XMLReader.m; sourceTree = "<group>"; };
		2DE3875E1AE523B400A2004E /* MZKItemResource.h */ = {isa = PBXFileReference; fileEncoding = 4; lastKnownFileType = sourcecode.c.h; path = MZKItemResource.h; sourceTree = "<group>"; };
		2DE3875F1AE523B400A2004E /* MZKItemResource.m */ = {isa = PBXFileReference; fileEncoding = 4; lastKnownFileType = sourcecode.c.objc; path = MZKItemResource.m; sourceTree = "<group>"; };
		2DE387611AE526AA00A2004E /* MZKDatasource.h */ = {isa = PBXFileReference; fileEncoding = 4; lastKnownFileType = sourcecode.c.h; path = MZKDatasource.h; sourceTree = "<group>"; };
		2DE387621AE526AA00A2004E /* MZKDatasource.m */ = {isa = PBXFileReference; fileEncoding = 4; lastKnownFileType = sourcecode.c.objc; path = MZKDatasource.m; sourceTree = "<group>"; };
		2DE98BCE1C7F2FB20088018B /* MZKRecentlyOpenedDocumentsViewController.h */ = {isa = PBXFileReference; fileEncoding = 4; lastKnownFileType = sourcecode.c.h; name = MZKRecentlyOpenedDocumentsViewController.h; path = ../MZKRecentlyOpenedDocumentsViewController.h; sourceTree = "<group>"; };
		2DE98BCF1C7F2FB20088018B /* MZKRecentlyOpenedDocumentsViewController.m */ = {isa = PBXFileReference; fileEncoding = 4; lastKnownFileType = sourcecode.c.objc; name = MZKRecentlyOpenedDocumentsViewController.m; path = ../MZKRecentlyOpenedDocumentsViewController.m; sourceTree = "<group>"; };
		2DFA42491D54880900FC6EEF /* MZKQueue.h */ = {isa = PBXFileReference; fileEncoding = 4; lastKnownFileType = sourcecode.c.h; path = MZKQueue.h; sourceTree = "<group>"; };
		2DFA424A1D54880900FC6EEF /* MZKQueue.m */ = {isa = PBXFileReference; fileEncoding = 4; lastKnownFileType = sourcecode.c.objc; path = MZKQueue.m; sourceTree = "<group>"; };
		49C90D7A1AB48D0E0C75DD57 /* Pods_MZK_iOS.framework */ = {isa = PBXFileReference; explicitFileType = wrapper.framework; includeInIndex = 0; path = Pods_MZK_iOS.framework; sourceTree = BUILT_PRODUCTS_DIR; };
		D0D2068D1D167091E6D27E4E /* Pods-MZK_iOS.release.xcconfig */ = {isa = PBXFileReference; includeInIndex = 1; lastKnownFileType = text.xcconfig; name = "Pods-MZK_iOS.release.xcconfig"; path = "Pods/Target Support Files/Pods-MZK_iOS/Pods-MZK_iOS.release.xcconfig"; sourceTree = "<group>"; };
		E2EE3763628F98B9EBD3EA02 /* Pods-MZK_iOS.debug.xcconfig */ = {isa = PBXFileReference; includeInIndex = 1; lastKnownFileType = text.xcconfig; name = "Pods-MZK_iOS.debug.xcconfig"; path = "Pods/Target Support Files/Pods-MZK_iOS/Pods-MZK_iOS.debug.xcconfig"; sourceTree = "<group>"; };
/* End PBXFileReference section */

/* Begin PBXFrameworksBuildPhase section */
		2DB8A78E1ACD073400A1BB2E /* Frameworks */ = {
			isa = PBXFrameworksBuildPhase;
			buildActionMask = 2147483647;
			files = (
				2D93784C1DA29232005B2ED3 /* Security.framework in Frameworks */,
				2D93784E1DA293DF005B2ED3 /* AFNetworking.framework in Frameworks */,
				2D41FF011C3BBF970087F22E /* libsqlite3.tbd in Frameworks */,
				2D2787C61BF4BB4A0007D00E /* AVFoundation.framework in Frameworks */,
				2D2787C41BF4B92A0007D00E /* MediaPlayer.framework in Frameworks */,
				759A7DECF30310912FD01D8D /* Pods_MZK_iOS.framework in Frameworks */,
			);
			runOnlyForDeploymentPostprocessing = 0;
		};
/* End PBXFrameworksBuildPhase section */

/* Begin PBXGroup section */
		2D2DA51D1BEF9B3A00423447 /* Detail */ = {
			isa = PBXGroup;
			children = (
				2D91512D1C876C8600AD380F /* Model */,
				2DE98BCE1C7F2FB20088018B /* MZKRecentlyOpenedDocumentsViewController.h */,
				2DE98BCF1C7F2FB20088018B /* MZKRecentlyOpenedDocumentsViewController.m */,
				2D665DBB1B02927500B11765 /* MZKDetailViewController.h */,
				2D665DBC1B02927500B11765 /* MZKDetailViewController.m */,
				2D2DA51E1BEF9BCD00423447 /* MZKPageDetailCollectionViewCell.h */,
				2D2DA51F1BEF9BCD00423447 /* MZKPageDetailCollectionViewCell.m */,
				2D2DA5261BF1E03A00423447 /* MZKMusicViewController.h */,
				2D2DA5271BF1E03A00423447 /* MZKMusicViewController.m */,
				2D2DA52C1BF2356900423447 /* MZKGeneralColletionViewController.h */,
				2D2DA52D1BF2356900423447 /* MZKGeneralColletionViewController.m */,
				2D41FEF91C3B036D0087F22E /* MZKDetailInformationViewController.h */,
				2D41FEFA1C3B036D0087F22E /* MZKDetailInformationViewController.m */,
				2D41FEF61C3B03460087F22E /* MZKDetailInformationDataSource.h */,
				2D41FEF71C3B03460087F22E /* MZKDetailInformationDataSource.m */,
				2D91512A1C873D2C00AD380F /* MZKDetailInformationTableViewCell.h */,
				2D91512B1C873D2C00AD380F /* MZKDetailInformationTableViewCell.m */,
			);
			path = Detail;
			sourceTree = "<group>";
		};
		2D41FF021C3BBFC90087F22E /* Database */ = {
			isa = PBXGroup;
			children = (
				2D13D54D1C3E8B8C00DB4190 /* values.sql */,
				2D13D5471C3E66BD00DB4190 /* inst.sql */,
				2D13D5481C3E66BD00DB4190 /* languages.sql */,
				2D13D5491C3E66BD00DB4190 /* relators.sql */,
				2D41FF031C3BBFE50087F22E /* MZKDatabaseManager.h */,
				2D41FF041C3BBFE50087F22E /* MZKDatabaseManager.m */,
			);
			path = Database;
			sourceTree = "<group>";
		};
		2D44DF3C1CB397BB001EF49F /* Menu */ = {
			isa = PBXGroup;
			children = (
				2D44DF3D1CB397EF001EF49F /* MZKTabBarMenuViewController.h */,
				2D44DF3E1CB397EF001EF49F /* MZKTabBarMenuViewController.m */,
			);
			path = Menu;
			sourceTree = "<group>";
		};
		2D89DB7A1B5E57DA00E69119 /* OpenLayers */ = {
			isa = PBXGroup;
			children = (
				2D2763D41B6B641900CC7E4F /* index.html */,
				2D2763D51B6B641900CC7E4F /* ol.js */,
				2D2763D61B6B641900CC7E4F /* zoomify.js */,
			);
			path = OpenLayers;
			sourceTree = "<group>";
		};
		2D9150EF1C82F4C200AD380F /* NSURLRequest */ = {
			isa = PBXGroup;
			children = (
				2D9150F01C82F4C200AD380F /* MyURLProtocol.h */,
				2D9150F11C82F4C200AD380F /* MyURLProtocol.m */,
			);
			path = NSURLRequest;
			sourceTree = "<group>";
		};
		2D9150F41C849E7F00AD380F /* ZoomifyReader */ = {
			isa = PBXGroup;
			children = (
			);
			path = ZoomifyReader;
			sourceTree = "<group>";
		};
		2D91512D1C876C8600AD380F /* Model */ = {
			isa = PBXGroup;
			children = (
				2D13D5651C3FC6AD00DB4190 /* MZKDetailInformationModel.h */,
				2D13D5661C3FC6AD00DB4190 /* MZKDetailInformationModel.m */,
				2D3698E21C8ADBF6008FEF3C /* MZKDetailInformationStringModel.h */,
				2D3698E31C8ADBF6008FEF3C /* MZKDetailInformationStringModel.m */,
			);
			path = Model;
			sourceTree = "<group>";
		};
		2DAA60761BA759350004A718 /* Collections */ = {
			isa = PBXGroup;
			children = (
				2D8BB7C51BCE3FC4008E53A1 /* MZKItemCollectionViewCell.h */,
				2D8BB7C61BCE3FC4008E53A1 /* MZKItemCollectionViewCell.m */,
				2DAA60731BA7590B0004A718 /* MZKDetailCollectionViewCell.h */,
				2DAA60741BA7590B0004A718 /* MZKDetailCollectionViewCell.m */,
				2DAA60701BA758AB0004A718 /* MZKCollectionDetailViewController.h */,
				2DAA60711BA758AB0004A718 /* MZKCollectionDetailViewController.m */,
				2D665DBE1B03D98C00B11765 /* MZKCollectionsViewController.h */,
				2D665DBF1B03D98C00B11765 /* MZKCollectionsViewController.m */,
				2D58E8F41BA57BAC000D444C /* MZKCollectionTableViewCell.h */,
				2D58E8F51BA57BAC000D444C /* MZKCollectionTableViewCell.m */,
				2D24F0741B74C0A80073FC83 /* MZKCollectionItem.h */,
				2D24F0751B74C0A80073FC83 /* MZKCollectionItem.m */,
				2D009CD31BAAE52E0042021D /* MZKCollectionItemResource.h */,
				2D009CD41BAAE52E0042021D /* MZKCollectionItemResource.m */,
			);
			name = Collections;
			sourceTree = "<group>";
		};
		2DB5E44B1CB25CF300C90D36 /* 3rdParty */ = {
			isa = PBXGroup;
			children = (
				2DB5E44C1CB25CF300C90D36 /* UIImageView+ProgressView.h */,
				2DB5E44D1CB25CF300C90D36 /* UIImageView+ProgressView.m */,
			);
			path = 3rdParty;
			sourceTree = "<group>";
		};
		2DB8A7881ACD073400A1BB2E = {
			isa = PBXGroup;
			children = (
				2D93784D1DA293DF005B2ED3 /* AFNetworking.framework */,
				2DB8A7931ACD073400A1BB2E /* MZK_iOS */,
				2DB8A7B01ACD073400A1BB2E /* MZK_iOSTests */,
				2DB8A7921ACD073400A1BB2E /* Products */,
				C4864A5EBA3AC6CFFA83C9E9 /* Frameworks */,
				F0891C109A607E2006DBF6AC /* Pods */,
			);
			sourceTree = "<group>";
		};
		2DB8A7921ACD073400A1BB2E /* Products */ = {
			isa = PBXGroup;
			children = (
				2DB8A7911ACD073400A1BB2E /* MZK_iOS.app */,
			);
			name = Products;
			sourceTree = "<group>";
		};
		2DB8A7931ACD073400A1BB2E /* MZK_iOS */ = {
			isa = PBXGroup;
			children = (
				2DD1B9EF1D9E42D4004011FC /* UINavigationBar+CustomHeight.h */,
				2DD1B9F01D9E42D4004011FC /* UINavigationBar+CustomHeight.m */,
				2D44DF3C1CB397BB001EF49F /* Menu */,
				2DB5E44B1CB25CF300C90D36 /* 3rdParty */,
				2D9150F41C849E7F00AD380F /* ZoomifyReader */,
				2D9150EF1C82F4C200AD380F /* NSURLRequest */,
				2D3A0B441C204734008E4B47 /* MZK_iOS.entitlements */,
				2D41FF021C3BBFC90087F22E /* Database */,
				2D2DA51D1BEF9B3A00423447 /* Detail */,
				2DAA60761BA759350004A718 /* Collections */,
				2DD5839D1B6FA0BA001ED3B3 /* XMLParser */,
				2D89DB7A1B5E57DA00E69119 /* OpenLayers */,
				2DB8A7981ACD073400A1BB2E /* AppDelegate.h */,
				2DB8A7991ACD073400A1BB2E /* AppDelegate.m */,
				2DB88C1A1C15B0E900AC7070 /* GoogleService-Info.plist */,
				2DA030501C0A002800B7759B /* MZKBaseViewController.h */,
				2DA030511C0A002800B7759B /* MZKBaseViewController.m */,
				2D24F06B1B7378740073FC83 /* MZKSearchViewController.h */,
				2D24F06C1B7378740073FC83 /* MZKSearchViewController.m */,
				2DFA42491D54880900FC6EEF /* MZKQueue.h */,
				2DFA424A1D54880900FC6EEF /* MZKQueue.m */,
				2D2A647E1AF8EF3800D82E04 /* MZKMainViewController.h */,
				2D2A647F1AF8EF3800D82E04 /* MZKMainViewController.m */,
				2DCAE25A1C09D6C8002DD38A /* MZKSearchBarCollectionReusableView.h */,
				2DCAE25B1C09D6C8002DD38A /* MZKSearchBarCollectionReusableView.m */,
				2D409B791B8B4C8B00B49EAD /* MZKLibraryItem.h */,
				2D409B7A1B8B4C8B00B49EAD /* MZKLibraryItem.m */,
				2D24F06E1B7387E40073FC83 /* MZKChangeLibraryViewController.h */,
				2D24F06F1B7387E40073FC83 /* MZKChangeLibraryViewController.m */,
				2D409B761B8B460E00B49EAD /* MZKDataSourceTableViewCell.h */,
				2D409B771B8B460E00B49EAD /* MZKDataSourceTableViewCell.m */,
				2DB8A7A11ACD073400A1BB2E /* Main.storyboard */,
				2DD1B9EC1D9D4AE0004011FC /* MZKNavigationViewController.h */,
				2DD1B9ED1D9D4AE0004011FC /* MZKNavigationViewController.m */,
				2D78B2951C200DC0004341DA /* MZKAboutViewController.h */,
				2D78B2961C200DC0004341DA /* MZKAboutViewController.m */,
				2DB8A7A41ACD073400A1BB2E /* Images.xcassets */,
				2DB8A7A61ACD073400A1BB2E /* LaunchScreen.xib */,
				2DE3875E1AE523B400A2004E /* MZKItemResource.h */,
				2DE3875F1AE523B400A2004E /* MZKItemResource.m */,
				2D2505C51AFE08C30079F70E /* MZKItemTableViewCell.h */,
				2D2505C61AFE08C30079F70E /* MZKItemTableViewCell.m */,
				2D2505C81AFE721A0079F70E /* MZKDomainItem.h */,
				2D2505C91AFE721A0079F70E /* MZKDomainItem.m */,
				2D2505CB1AFE73300079F70E /* MZKConstants.h */,
				2D2505CC1AFE73300079F70E /* MZKConstants.m */,
				2D2505CE1AFE76880079F70E /* MZKDomainHolder.h */,
				2D2505CF1AFE76880079F70E /* MZKDomainHolder.m */,
				2D02A4601B0624C100D51B0C /* MZKPageObject.h */,
				2D02A4611B0624C100D51B0C /* MZKPageObject.m */,
				2DE387611AE526AA00A2004E /* MZKDatasource.h */,
				2DE387621AE526AA00A2004E /* MZKDatasource.m */,
				2DB8A7941ACD073400A1BB2E /* Supporting Files */,
				2D33C3551C2819E9002BA7D1 /* MZKSettingsViewController.h */,
				2D33C3561C2819E9002BA7D1 /* MZKSettingsViewController.m */,
				2D47472D1D467E4B00D6F5F8 /* MZKSearchTableViewCell.h */,
				2D47472E1D467E4B00D6F5F8 /* MZKSearchTableViewCell.m */,
				2D4747301D4684BD00D6F5F8 /* MZKSearchHistoryItem.h */,
				2D4747311D4684BD00D6F5F8 /* MZKSearchHistoryItem.m */,
			);
			path = MZK_iOS;
			sourceTree = "<group>";
		};
		2DB8A7941ACD073400A1BB2E /* Supporting Files */ = {
			isa = PBXGroup;
			children = (
				2D1FD91F1CAC15A700408166 /* libraries.json */,
				2D2A64811AF8FC9400D82E04 /* Menu-50.png */,
				2DB8A7951ACD073400A1BB2E /* Info.plist */,
				2DB8A7961ACD073400A1BB2E /* main.m */,
				2D91D3991CC8A8A000EBE622 /* Localizable.strings */,
			);
			name = "Supporting Files";
			sourceTree = "<group>";
		};
		2DB8A7B01ACD073400A1BB2E /* MZK_iOSTests */ = {
			isa = PBXGroup;
			children = (
				2DB8A7B31ACD073400A1BB2E /* MZK_iOSTests.m */,
				2DB8A7B11ACD073400A1BB2E /* Supporting Files */,
			);
			path = MZK_iOSTests;
			sourceTree = "<group>";
		};
		2DB8A7B11ACD073400A1BB2E /* Supporting Files */ = {
			isa = PBXGroup;
			children = (
				2DB8A7B21ACD073400A1BB2E /* Info.plist */,
			);
			name = "Supporting Files";
			sourceTree = "<group>";
		};
		2DD5839D1B6FA0BA001ED3B3 /* XMLParser */ = {
			isa = PBXGroup;
			children = (
				2DD5839E1B6FA0BA001ED3B3 /* XMLReader.h */,
				2DD5839F1B6FA0BA001ED3B3 /* XMLReader.m */,
			);
			path = XMLParser;
			sourceTree = "<group>";
		};
		C4864A5EBA3AC6CFFA83C9E9 /* Frameworks */ = {
			isa = PBXGroup;
			children = (
				2D93784B1DA29232005B2ED3 /* Security.framework */,
				2D41FF001C3BBF970087F22E /* libsqlite3.tbd */,
				2D2787C51BF4BB4A0007D00E /* AVFoundation.framework */,
				2D2787C31BF4B92A0007D00E /* MediaPlayer.framework */,
				49C90D7A1AB48D0E0C75DD57 /* Pods_MZK_iOS.framework */,
			);
			name = Frameworks;
			sourceTree = "<group>";
		};
		F0891C109A607E2006DBF6AC /* Pods */ = {
			isa = PBXGroup;
			children = (
				E2EE3763628F98B9EBD3EA02 /* Pods-MZK_iOS.debug.xcconfig */,
				D0D2068D1D167091E6D27E4E /* Pods-MZK_iOS.release.xcconfig */,
			);
			name = Pods;
			sourceTree = "<group>";
		};
/* End PBXGroup section */

/* Begin PBXNativeTarget section */
		2DB8A7901ACD073400A1BB2E /* MZK_iOS */ = {
			isa = PBXNativeTarget;
			buildConfigurationList = 2DB8A7B71ACD073400A1BB2E /* Build configuration list for PBXNativeTarget "MZK_iOS" */;
			buildPhases = (
				0C88C74CE63D2AAC1EB1E09E /* [CP] Check Pods Manifest.lock */,
				2DB8A78D1ACD073400A1BB2E /* Sources */,
				2DB8A78E1ACD073400A1BB2E /* Frameworks */,
				2DB8A78F1ACD073400A1BB2E /* Resources */,
				984A690BA1CBE454FD910EBD /* [CP] Embed Pods Frameworks */,
				699878298BFBE6F5DCFE5F9F /* [CP] Copy Pods Resources */,
				2D9378501DA293DF005B2ED3 /* Embed Frameworks */,
			);
			buildRules = (
			);
			dependencies = (
			);
			name = MZK_iOS;
			productName = MZK_iOS;
			productReference = 2DB8A7911ACD073400A1BB2E /* MZK_iOS.app */;
			productType = "com.apple.product-type.application";
		};
/* End PBXNativeTarget section */

/* Begin PBXProject section */
		2DB8A7891ACD073400A1BB2E /* Project object */ = {
			isa = PBXProject;
			attributes = {
				LastUpgradeCheck = 0800;
				ORGANIZATIONNAME = "Ondrej Vyhlidal";
				TargetAttributes = {
					2DB8A7901ACD073400A1BB2E = {
						CreatedOnToolsVersion = 6.2;
						DevelopmentTeam = 873S4GA3KJ;
						LastSwiftMigration = 0800;
						SystemCapabilities = {
							com.apple.BackgroundModes = {
								enabled = 1;
							};
							com.apple.SafariKeychain = {
								enabled = 0;
							};
						};
					};
				};
			};
			buildConfigurationList = 2DB8A78C1ACD073400A1BB2E /* Build configuration list for PBXProject "MZK_iOS" */;
			compatibilityVersion = "Xcode 3.2";
			developmentRegion = English;
			hasScannedForEncodings = 0;
			knownRegions = (
				en,
				Base,
				cs,
			);
			mainGroup = 2DB8A7881ACD073400A1BB2E;
			productRefGroup = 2DB8A7921ACD073400A1BB2E /* Products */;
			projectDirPath = "";
			projectRoot = "";
			targets = (
				2DB8A7901ACD073400A1BB2E /* MZK_iOS */,
			);
		};
/* End PBXProject section */

/* Begin PBXResourcesBuildPhase section */
		2DB8A78F1ACD073400A1BB2E /* Resources */ = {
			isa = PBXResourcesBuildPhase;
			buildActionMask = 2147483647;
			files = (
				2D13D54A1C3E66BD00DB4190 /* inst.sql in Resources */,
				2DB8A7A31ACD073400A1BB2E /* Main.storyboard in Resources */,
				2D2A64821AF8FC9400D82E04 /* Menu-50.png in Resources */,
				2D91D3971CC8A8A000EBE622 /* Localizable.strings in Resources */,
				2D2763D91B6B641900CC7E4F /* zoomify.js in Resources */,
				2DB8A7A81ACD073400A1BB2E /* LaunchScreen.xib in Resources */,
				2D2763D71B6B641900CC7E4F /* index.html in Resources */,
				2DB8A7A51ACD073400A1BB2E /* Images.xcassets in Resources */,
				2DB88C1B1C15B0E900AC7070 /* GoogleService-Info.plist in Resources */,
				2D1FD9201CAC15A700408166 /* libraries.json in Resources */,
				2D13D54E1C3E8B8C00DB4190 /* values.sql in Resources */,
				2D2763D81B6B641900CC7E4F /* ol.js in Resources */,
				2D13D54C1C3E66BD00DB4190 /* relators.sql in Resources */,
				2D13D54B1C3E66BD00DB4190 /* languages.sql in Resources */,
			);
			runOnlyForDeploymentPostprocessing = 0;
		};
/* End PBXResourcesBuildPhase section */

/* Begin PBXShellScriptBuildPhase section */
		0C88C74CE63D2AAC1EB1E09E /* [CP] Check Pods Manifest.lock */ = {
			isa = PBXShellScriptBuildPhase;
			buildActionMask = 2147483647;
			files = (
			);
			inputPaths = (
			);
			name = "[CP] Check Pods Manifest.lock";
			outputPaths = (
			);
			runOnlyForDeploymentPostprocessing = 0;
			shellPath = /bin/sh;
			shellScript = "diff \"${PODS_ROOT}/../Podfile.lock\" \"${PODS_ROOT}/Manifest.lock\" > /dev/null\nif [[ $? != 0 ]] ; then\n    cat << EOM\nerror: The sandbox is not in sync with the Podfile.lock. Run 'pod install' or update your CocoaPods installation.\nEOM\n    exit 1\nfi\n";
			showEnvVarsInLog = 0;
		};
		699878298BFBE6F5DCFE5F9F /* [CP] Copy Pods Resources */ = {
			isa = PBXShellScriptBuildPhase;
			buildActionMask = 2147483647;
			files = (
			);
			inputPaths = (
			);
			name = "[CP] Copy Pods Resources";
			outputPaths = (
			);
			runOnlyForDeploymentPostprocessing = 0;
			shellPath = /bin/sh;
			shellScript = "\"${SRCROOT}/Pods/Target Support Files/Pods-MZK_iOS/Pods-MZK_iOS-resources.sh\"\n";
			showEnvVarsInLog = 0;
		};
		984A690BA1CBE454FD910EBD /* [CP] Embed Pods Frameworks */ = {
			isa = PBXShellScriptBuildPhase;
			buildActionMask = 2147483647;
			files = (
			);
			inputPaths = (
			);
			name = "[CP] Embed Pods Frameworks";
			outputPaths = (
			);
			runOnlyForDeploymentPostprocessing = 0;
			shellPath = /bin/sh;
			shellScript = "\"${SRCROOT}/Pods/Target Support Files/Pods-MZK_iOS/Pods-MZK_iOS-frameworks.sh\"\n";
			showEnvVarsInLog = 0;
		};
/* End PBXShellScriptBuildPhase section */

/* Begin PBXSourcesBuildPhase section */
		2DB8A78D1ACD073400A1BB2E /* Sources */ = {
			isa = PBXSourcesBuildPhase;
			buildActionMask = 2147483647;
			files = (
				2D009CD51BAAE52E0042021D /* MZKCollectionItemResource.m in Sources */,
				2DB8A79A1ACD073400A1BB2E /* AppDelegate.m in Sources */,
				2DE387631AE526AB00A2004E /* MZKDatasource.m in Sources */,
				2D2A64801AF8EF3800D82E04 /* MZKMainViewController.m in Sources */,
				2D409B781B8B460E00B49EAD /* MZKDataSourceTableViewCell.m in Sources */,
				2D44DF3F1CB397EF001EF49F /* MZKTabBarMenuViewController.m in Sources */,
				2D9150F21C82F4C200AD380F /* MyURLProtocol.m in Sources */,
				2DAA60751BA7590B0004A718 /* MZKDetailCollectionViewCell.m in Sources */,
				2D665DBD1B02927500B11765 /* MZKDetailViewController.m in Sources */,
				2DE387601AE523B400A2004E /* MZKItemResource.m in Sources */,
				2D58E8F61BA57BAC000D444C /* MZKCollectionTableViewCell.m in Sources */,
				2DD1B9F11D9E42D4004011FC /* UINavigationBar+CustomHeight.m in Sources */,
				2D2505D01AFE76880079F70E /* MZKDomainHolder.m in Sources */,
				2D2DA52E1BF2356900423447 /* MZKGeneralColletionViewController.m in Sources */,
				2D2DA5201BEF9BCD00423447 /* MZKPageDetailCollectionViewCell.m in Sources */,
				2D41FF051C3BBFE50087F22E /* MZKDatabaseManager.m in Sources */,
				2D91512C1C873D2C00AD380F /* MZKDetailInformationTableViewCell.m in Sources */,
				2D02A4621B0624C100D51B0C /* MZKPageObject.m in Sources */,
				2DD1B9EE1D9D4AE0004011FC /* MZKNavigationViewController.m in Sources */,
				2D78B2971C200DC0004341DA /* MZKAboutViewController.m in Sources */,
				2D409B7B1B8B4C8B00B49EAD /* MZKLibraryItem.m in Sources */,
				2D4747321D4684BD00D6F5F8 /* MZKSearchHistoryItem.m in Sources */,
				2DAA60721BA758AB0004A718 /* MZKCollectionDetailViewController.m in Sources */,
				2DCAE25C1C09D6C8002DD38A /* MZKSearchBarCollectionReusableView.m in Sources */,
				2D24F0761B74C0A80073FC83 /* MZKCollectionItem.m in Sources */,
				2D2505CD1AFE73300079F70E /* MZKConstants.m in Sources */,
				2D3698E41C8ADBF6008FEF3C /* MZKDetailInformationStringModel.m in Sources */,
				2D47472F1D467E4B00D6F5F8 /* MZKSearchTableViewCell.m in Sources */,
				2D665DC01B03D98C00B11765 /* MZKCollectionsViewController.m in Sources */,
				2D2DA5281BF1E03A00423447 /* MZKMusicViewController.m in Sources */,
				2DFA424B1D54880900FC6EEF /* MZKQueue.m in Sources */,
				2DE98BD01C7F2FB20088018B /* MZKRecentlyOpenedDocumentsViewController.m in Sources */,
				2D8BB7C71BCE3FC4008E53A1 /* MZKItemCollectionViewCell.m in Sources */,
				2D24F06D1B7378740073FC83 /* MZKSearchViewController.m in Sources */,
				2D41FEFB1C3B036D0087F22E /* MZKDetailInformationViewController.m in Sources */,
				2DB5E44E1CB25CF300C90D36 /* UIImageView+ProgressView.m in Sources */,
				2DD583A01B6FA0BA001ED3B3 /* XMLReader.m in Sources */,
				2D24F0701B7387E40073FC83 /* MZKChangeLibraryViewController.m in Sources */,
				2D13D5671C3FC6AD00DB4190 /* MZKDetailInformationModel.m in Sources */,
				2D33C3571C2819E9002BA7D1 /* MZKSettingsViewController.m in Sources */,
				2DB8A7971ACD073400A1BB2E /* main.m in Sources */,
				2D2505C71AFE08C30079F70E /* MZKItemTableViewCell.m in Sources */,
				2D41FEF81C3B03460087F22E /* MZKDetailInformationDataSource.m in Sources */,
				2DA030521C0A002800B7759B /* MZKBaseViewController.m in Sources */,
				2D2505CA1AFE721A0079F70E /* MZKDomainItem.m in Sources */,
			);
			runOnlyForDeploymentPostprocessing = 0;
		};
/* End PBXSourcesBuildPhase section */

/* Begin PBXVariantGroup section */
		2D91D3991CC8A8A000EBE622 /* Localizable.strings */ = {
			isa = PBXVariantGroup;
			children = (
				2D91D3981CC8A8A000EBE622 /* en */,
				2D91D39A1CC8A8A900EBE622 /* cs */,
			);
			name = Localizable.strings;
			sourceTree = "<group>";
		};
		2DB8A7A11ACD073400A1BB2E /* Main.storyboard */ = {
			isa = PBXVariantGroup;
			children = (
				2D91D3951CC8A86D00EBE622 /* Base */,
				2D91D3961CC8A87F00EBE622 /* cs */,
			);
			name = Main.storyboard;
			sourceTree = "<group>";
		};
		2DB8A7A61ACD073400A1BB2E /* LaunchScreen.xib */ = {
			isa = PBXVariantGroup;
			children = (
				2D91D3931CC8A85E00EBE622 /* en */,
			);
			name = LaunchScreen.xib;
			sourceTree = "<group>";
		};
/* End PBXVariantGroup section */

/* Begin XCBuildConfiguration section */
		2DB8A7B51ACD073400A1BB2E /* Debug */ = {
			isa = XCBuildConfiguration;
			buildSettings = {
				ALWAYS_SEARCH_USER_PATHS = NO;
				CLANG_CXX_LANGUAGE_STANDARD = "gnu++0x";
				CLANG_CXX_LIBRARY = "libc++";
				CLANG_ENABLE_MODULES = YES;
				CLANG_ENABLE_OBJC_ARC = YES;
				CLANG_WARN_BOOL_CONVERSION = YES;
				CLANG_WARN_CONSTANT_CONVERSION = YES;
				CLANG_WARN_DIRECT_OBJC_ISA_USAGE = YES_ERROR;
				CLANG_WARN_EMPTY_BODY = YES;
				CLANG_WARN_ENUM_CONVERSION = YES;
				CLANG_WARN_INT_CONVERSION = YES;
				CLANG_WARN_OBJC_ROOT_CLASS = YES_ERROR;
				CLANG_WARN_UNREACHABLE_CODE = YES;
				CLANG_WARN__DUPLICATE_METHOD_MATCH = YES;
				"CODE_SIGN_IDENTITY[sdk=iphoneos*]" = "iPhone Developer";
				COPY_PHASE_STRIP = NO;
				ENABLE_STRICT_OBJC_MSGSEND = YES;
				ENABLE_TESTABILITY = YES;
				GCC_C_LANGUAGE_STANDARD = gnu99;
				GCC_DYNAMIC_NO_PIC = NO;
				GCC_OPTIMIZATION_LEVEL = 0;
				GCC_PREPROCESSOR_DEFINITIONS = (
					"DEBUG=1",
					"$(inherited)",
				);
				GCC_SYMBOLS_PRIVATE_EXTERN = NO;
				GCC_WARN_64_TO_32_BIT_CONVERSION = YES;
				GCC_WARN_ABOUT_RETURN_TYPE = YES_ERROR;
				GCC_WARN_UNDECLARED_SELECTOR = YES;
				GCC_WARN_UNINITIALIZED_AUTOS = YES_AGGRESSIVE;
				GCC_WARN_UNUSED_FUNCTION = YES;
				GCC_WARN_UNUSED_VARIABLE = YES;
				IPHONEOS_DEPLOYMENT_TARGET = 8.0;
				MTL_ENABLE_DEBUG_INFO = YES;
				ONLY_ACTIVE_ARCH = YES;
				SDKROOT = iphoneos;
			};
			name = Debug;
		};
		2DB8A7B61ACD073400A1BB2E /* Release */ = {
			isa = XCBuildConfiguration;
			buildSettings = {
				ALWAYS_SEARCH_USER_PATHS = NO;
				CLANG_CXX_LANGUAGE_STANDARD = "gnu++0x";
				CLANG_CXX_LIBRARY = "libc++";
				CLANG_ENABLE_MODULES = YES;
				CLANG_ENABLE_OBJC_ARC = YES;
				CLANG_WARN_BOOL_CONVERSION = YES;
				CLANG_WARN_CONSTANT_CONVERSION = YES;
				CLANG_WARN_DIRECT_OBJC_ISA_USAGE = YES_ERROR;
				CLANG_WARN_EMPTY_BODY = YES;
				CLANG_WARN_ENUM_CONVERSION = YES;
				CLANG_WARN_INT_CONVERSION = YES;
				CLANG_WARN_OBJC_ROOT_CLASS = YES_ERROR;
				CLANG_WARN_UNREACHABLE_CODE = YES;
				CLANG_WARN__DUPLICATE_METHOD_MATCH = YES;
				"CODE_SIGN_IDENTITY[sdk=iphoneos*]" = "iPhone Developer";
				COPY_PHASE_STRIP = NO;
				ENABLE_NS_ASSERTIONS = NO;
				ENABLE_STRICT_OBJC_MSGSEND = YES;
				GCC_C_LANGUAGE_STANDARD = gnu99;
				GCC_WARN_64_TO_32_BIT_CONVERSION = YES;
				GCC_WARN_ABOUT_RETURN_TYPE = YES_ERROR;
				GCC_WARN_UNDECLARED_SELECTOR = YES;
				GCC_WARN_UNINITIALIZED_AUTOS = YES_AGGRESSIVE;
				GCC_WARN_UNUSED_FUNCTION = YES;
				GCC_WARN_UNUSED_VARIABLE = YES;
				IPHONEOS_DEPLOYMENT_TARGET = 8.0;
				MTL_ENABLE_DEBUG_INFO = NO;
				SDKROOT = iphoneos;
				VALIDATE_PRODUCT = YES;
			};
			name = Release;
		};
		2DB8A7B81ACD073400A1BB2E /* Debug */ = {
			isa = XCBuildConfiguration;
			baseConfigurationReference = E2EE3763628F98B9EBD3EA02 /* Pods-MZK_iOS.debug.xcconfig */;
			buildSettings = {
				ASSETCATALOG_COMPILER_APPICON_NAME = AppIcon;
				CODE_SIGN_IDENTITY = "iPhone Developer";
				"CODE_SIGN_IDENTITY[sdk=iphoneos*]" = "iPhone Developer";
				ENABLE_BITCODE = NO;
				INFOPLIST_FILE = MZK_iOS/Info.plist;
				IPHONEOS_DEPLOYMENT_TARGET = 8.0;
				LD_RUNPATH_SEARCH_PATHS = "$(inherited) @executable_path/Frameworks";
				PRODUCT_BUNDLE_IDENTIFIER = cz.mzk.ios.KRAMERIUS;
				PRODUCT_NAME = "$(TARGET_NAME)";
				PROVISIONING_PROFILE = "";
				SWIFT_VERSION = 3.0;
				TARGETED_DEVICE_FAMILY = "1,2";
			};
			name = Debug;
		};
		2DB8A7B91ACD073400A1BB2E /* Release */ = {
			isa = XCBuildConfiguration;
			baseConfigurationReference = D0D2068D1D167091E6D27E4E /* Pods-MZK_iOS.release.xcconfig */;
			buildSettings = {
				ASSETCATALOG_COMPILER_APPICON_NAME = AppIcon;
				CODE_SIGN_IDENTITY = "iPhone Developer";
				"CODE_SIGN_IDENTITY[sdk=iphoneos*]" = "iPhone Developer";
				ENABLE_BITCODE = NO;
				INFOPLIST_FILE = MZK_iOS/Info.plist;
				IPHONEOS_DEPLOYMENT_TARGET = 8.0;
				LD_RUNPATH_SEARCH_PATHS = "$(inherited) @executable_path/Frameworks";
				PRODUCT_BUNDLE_IDENTIFIER = cz.mzk.ios.KRAMERIUS;
				PRODUCT_NAME = "$(TARGET_NAME)";
				PROVISIONING_PROFILE = "";
				SWIFT_VERSION = 3.0;
				TARGETED_DEVICE_FAMILY = "1,2";
			};
			name = Release;
		};
/* End XCBuildConfiguration section */

/* Begin XCConfigurationList section */
		2DB8A78C1ACD073400A1BB2E /* Build configuration list for PBXProject "MZK_iOS" */ = {
			isa = XCConfigurationList;
			buildConfigurations = (
				2DB8A7B51ACD073400A1BB2E /* Debug */,
				2DB8A7B61ACD073400A1BB2E /* Release */,
			);
			defaultConfigurationIsVisible = 0;
			defaultConfigurationName = Release;
		};
		2DB8A7B71ACD073400A1BB2E /* Build configuration list for PBXNativeTarget "MZK_iOS" */ = {
			isa = XCConfigurationList;
			buildConfigurations = (
				2DB8A7B81ACD073400A1BB2E /* Debug */,
				2DB8A7B91ACD073400A1BB2E /* Release */,
			);
			defaultConfigurationIsVisible = 0;
			defaultConfigurationName = Release;
		};
/* End XCConfigurationList section */
	};
	rootObject = 2DB8A7891ACD073400A1BB2E /* Project object */;
}
