PODS:
  - AFNetworking (2.6.3):
    - AFNetworking/NSURLConnection (= 2.6.3)
    - AFNetworking/NSURLSession (= 2.6.3)
    - AFNetworking/Reachability (= 2.6.3)
    - AFNetworking/Security (= 2.6.3)
    - AFNetworking/Serialization (= 2.6.3)
    - AFNetworking/UIKit (= 2.6.3)
  - AFNetworking/NSURLConnection (2.6.3):
    - AFNetworking/Reachability
    - AFNetworking/Security
    - AFNetworking/Serialization
  - AFNetworking/NSURLSession (2.6.3):
    - AFNetworking/Reachability
    - AFNetworking/Security
    - AFNetworking/Serialization
  - AFNetworking/Reachability (2.6.3)
  - AFNetworking/Security (2.6.3)
  - AFNetworking/Serialization (2.6.3)
  - AFNetworking/UIKit (2.6.3):
    - AFNetworking/NSURLConnection
    - AFNetworking/NSURLSession
  - Alamofire (4.6.0)
  - AlamofireObjectMapper (4.1.0):
    - Alamofire (~> 4.1)
    - ObjectMapper (~> 2.0)
  - FirebaseAnalytics (3.9.0):
    - FirebaseCore (~> 3.6)
    - FirebaseInstanceID (~> 1.0)
    - GoogleToolboxForMac/NSData+zlib (~> 2.1)
  - FirebaseCore (3.6.0):
    - GoogleToolboxForMac/NSData+zlib (~> 2.1)
  - FirebaseInstanceID (1.0.10):
    - FirebaseCore (~> 3.6)
  - Google/Analytics (3.1.0):
    - Google/Core
    - GoogleAnalytics (~> 3.12)
  - Google/Core (3.1.0):
    - FirebaseAnalytics (~> 3.2)
  - GoogleAnalytics (3.17.0)
  - GoogleToolboxForMac/Defines (2.1.3)
  - GoogleToolboxForMac/NSData+zlib (2.1.3):
    - GoogleToolboxForMac/Defines (= 2.1.3)
  - HexColors (2.3.0)
  - iOSTiledViewer (0.2.7):
    - SDWebImage/WebP
  - libwebp (0.6.0):
    - libwebp/core (= 0.6.0)
    - libwebp/dec (= 0.6.0)
    - libwebp/demux (= 0.6.0)
    - libwebp/dsp (= 0.6.0)
    - libwebp/enc (= 0.6.0)
    - libwebp/mux (= 0.6.0)
    - libwebp/utils (= 0.6.0)
    - libwebp/webp (= 0.6.0)
  - libwebp/core (0.6.0):
    - libwebp/webp
  - libwebp/dec (0.6.0):
    - libwebp/core
  - libwebp/demux (0.6.0):
    - libwebp/core
  - libwebp/dsp (0.6.0):
    - libwebp/core
  - libwebp/enc (0.6.0):
    - libwebp/core
  - libwebp/mux (0.6.0):
    - libwebp/core
  - libwebp/utils (0.6.0):
    - libwebp/core
  - libwebp/webp (0.6.0)
  - ObjectMapper (2.2.9)
  - SDWebImage/Core (4.2.2)
  - SDWebImage/WebP (4.2.2):
    - libwebp
    - SDWebImage/Core
  - SWXMLHash (4.0.0)
  - TSMessages (0.9.13):
    - HexColors (~> 2.3.0)
  - TTTAttributedLabel (2.0.0)

DEPENDENCIES:
  - AFNetworking (~> 2.0)
  - Alamofire (~> 4.4)
  - AlamofireObjectMapper (~> 4.0)
  - Google/Analytics
  - iOSTiledViewer (from `https://github.com/moravianlibrary/iOSTiledViewer.git`, branch `master`)
  - ObjectMapper (~> 2.2)
  - SWXMLHash (~> 4.0.0)
  - TSMessages (from `https://github.com/KrauseFx/TSMessages.git`)
  - TTTAttributedLabel

EXTERNAL SOURCES:
  iOSTiledViewer:
    :branch: master
    :git: https://github.com/moravianlibrary/iOSTiledViewer.git
  TSMessages:
    :git: https://github.com/KrauseFx/TSMessages.git

CHECKOUT OPTIONS:
  iOSTiledViewer:
    :commit: 8076800eda2f3de53417056444c2ad32b2f12e8b
    :git: https://github.com/moravianlibrary/iOSTiledViewer.git
  TSMessages:
    :commit: b98bff62a6233ca0e757591963530e64853ed8a9
    :git: https://github.com/KrauseFx/TSMessages.git

SPEC CHECKSUMS:
  AFNetworking: cb8d14a848e831097108418f5d49217339d4eb60
  Alamofire: f41a599bd63041760b26d393ec1069d9d7b917f4
  AlamofireObjectMapper: 435adc82f5b367679bd9e71c4974a54efd0b2521
  FirebaseAnalytics: e5fe8486efc01bec33f6bf82e2fa9fce4b124052
  FirebaseCore: 9691ee2ade70c098d7cf92440f4303f16d83ca75
  FirebaseInstanceID: b9eedd6846fb5e1f0f7279e1deaa7a7e4cf8392e
  Google: 98da4b1a60ed0beb80a290387a28333406a1eb90
  GoogleAnalytics: f42cc53a87a51fe94334821868d9c8481ff47a7b
  GoogleToolboxForMac: 2501e2ad72a52eb3dfe7bd9aee7dad11b858bd20
  HexColors: 6ad3947c3447a055a3aa8efa859def096351fe5f
  iOSTiledViewer: f9eef857e61d3a8235c5f94b33ea40c77e5d73c1
  libwebp: 1d5a07c2eb97f9c31bd5f154bb82efc0ea67c6a2
  ObjectMapper: 63cfe41bc6f8e7c8f44344c49901b8ae7de14c52
  SDWebImage: 89a9d32cd520bbb46eb14e541d5109b3564af198
  SWXMLHash: 6bbc0bf72975a18ceda469fb7d6a886a26d81694
  TSMessages: eb3cf27b6900684a21bad4fe9ea426e287b8c839
  TTTAttributedLabel: 8cffe8e127e4e82ff3af1e5386d4cd0ad000b656

PODFILE CHECKSUM: 1d9ad57415134cf639f8e0826c068b99c19d3954

COCOAPODS: 1.3.1
