PODS:
  - AFNetworking (2.6.3):
    - AFNetworking/NSURLConnection (= 2.6.3)
    - AFNetworking/NSURLSession (= 2.6.3)
    - AFNetworking/Reachability (= 2.6.3)
    - AFNetworking/Security (= 2.6.3)
    - AFNetworking/Serialization (= 2.6.3)
    - AFNetworking/UIKit (= 2.6.3)
  - AFNetworking/NSURLConnection (2.6.3):
    - AFNetworking/Reachability
    - AFNetworking/Security
    - AFNetworking/Serialization
  - AFNetworking/NSURLSession (2.6.3):
    - AFNetworking/Reachability
    - AFNetworking/Security
    - AFNetworking/Serialization
  - AFNetworking/Reachability (2.6.3)
  - AFNetworking/Security (2.6.3)
  - AFNetworking/Serialization (2.6.3)
  - AFNetworking/UIKit (2.6.3):
    - AFNetworking/NSURLConnection
    - AFNetworking/NSURLSession
  - Alamofire (4.8.2)
  - AlamofireObjectMapper (5.1.0):
    - Alamofire (~> 4.1)
    - ObjectMapper (~> 3.3)
  - FirebaseAnalytics (3.9.0):
    - FirebaseCore (~> 3.6)
    - FirebaseInstanceID (~> 1.0)
    - "GoogleToolboxForMac/NSData+zlib (~> 2.1)"
  - FirebaseCore (3.6.0):
    - "GoogleToolboxForMac/NSData+zlib (~> 2.1)"
  - FirebaseInstanceID (1.0.10):
    - FirebaseCore (~> 3.6)
  - Google/Analytics (3.1.0):
    - Google/Core
    - GoogleAnalytics (~> 3.12)
  - Google/Core (3.1.0):
    - FirebaseAnalytics (~> 3.2)
  - GoogleAnalytics (3.17.0)
  - GoogleToolboxForMac/Defines (2.1.4)
  - "GoogleToolboxForMac/NSData+zlib (2.1.4)":
    - GoogleToolboxForMac/Defines (= 2.1.4)
  - HexColors (4.0.0)
  - iOSTiledViewer (0.2.7):
    - SDWebImage/WebP
  - libwebp (0.6.1):
    - libwebp/core (= 0.6.1)
    - libwebp/dec (= 0.6.1)
    - libwebp/demux (= 0.6.1)
    - libwebp/dsp (= 0.6.1)
    - libwebp/enc (= 0.6.1)
    - libwebp/mux (= 0.6.1)
    - libwebp/utils (= 0.6.1)
    - libwebp/webp (= 0.6.1)
  - libwebp/core (0.6.1):
    - libwebp/webp
  - libwebp/dec (0.6.1):
    - libwebp/core
  - libwebp/demux (0.6.1):
    - libwebp/core
  - libwebp/dsp (0.6.1):
    - libwebp/core
  - libwebp/enc (0.6.1):
    - libwebp/core
  - libwebp/mux (0.6.1):
    - libwebp/core
  - libwebp/utils (0.6.1):
    - libwebp/core
  - libwebp/webp (0.6.1)
  - ObjectMapper (3.4.0)
  - PPTopMostController (0.0.1)
  - RMessage (2.3.2):
    - HexColors (~> 4.0)
    - PPTopMostController
  - SDWebImage/Core (4.4.2)
  - SDWebImage/WebP (4.4.2):
    - libwebp (~> 0.5)
    - SDWebImage/Core
  - SWXMLHash (4.7.6)
  - TTTAttributedLabel (2.0.0)

DEPENDENCIES:
  - AFNetworking (~> 2.0)
  - Alamofire (~> 4.8)
  - AlamofireObjectMapper (~> 5.0)
  - Google/Analytics
  - iOSTiledViewer (from `https://github.com/moravianlibrary/iOSTiledViewer.git`, branch `master`)
  - ObjectMapper (from `https://github.com/tristanhimmelman/ObjectMapper.git`, branch `master`)
  - RMessage
  - SWXMLHash (~> 4.7.0)
  - TTTAttributedLabel

SPEC REPOS:
  https://github.com/cocoapods/specs.git:
    - AFNetworking
    - Alamofire
    - AlamofireObjectMapper
    - FirebaseAnalytics
    - FirebaseCore
    - FirebaseInstanceID
    - Google
    - GoogleAnalytics
    - GoogleToolboxForMac
    - HexColors
    - libwebp
    - PPTopMostController
    - RMessage
    - SDWebImage
    - SWXMLHash
    - TTTAttributedLabel

EXTERNAL SOURCES:
  iOSTiledViewer:
    :branch: master
    :git: https://github.com/moravianlibrary/iOSTiledViewer.git
  ObjectMapper:
    :branch: master
    :git: https://github.com/tristanhimmelman/ObjectMapper.git

CHECKOUT OPTIONS:
  iOSTiledViewer:
    :commit: 8076800eda2f3de53417056444c2ad32b2f12e8b
    :git: https://github.com/moravianlibrary/iOSTiledViewer.git
  ObjectMapper:
    :commit: b2270ef63f01638efc43ce7811987b916995a435
    :git: https://github.com/tristanhimmelman/ObjectMapper.git

SPEC CHECKSUMS:
  AFNetworking: cb8d14a848e831097108418f5d49217339d4eb60
  Alamofire: ae5c501addb7afdbb13687d7f2f722c78734c2d3
  AlamofireObjectMapper: 3395e698901d8b0e6f48b7d0c43bd47875325102
  FirebaseAnalytics: e5fe8486efc01bec33f6bf82e2fa9fce4b124052
  FirebaseCore: 9691ee2ade70c098d7cf92440f4303f16d83ca75
  FirebaseInstanceID: b9eedd6846fb5e1f0f7279e1deaa7a7e4cf8392e
  Google: 98da4b1a60ed0beb80a290387a28333406a1eb90
  GoogleAnalytics: f42cc53a87a51fe94334821868d9c8481ff47a7b
  GoogleToolboxForMac: 91c824d21e85b31c2aae9bb011c5027c9b4e738f
  HexColors: 5f95843ef89aff6a72e1fd3a8ebabf205cc43379
  iOSTiledViewer: f9eef857e61d3a8235c5f94b33ea40c77e5d73c1
  libwebp: 0f01098c6c17175391af621b2f14150f3ca16e16
  ObjectMapper: c4934ba1889f325066c736861592f48008a7dfde
  PPTopMostController: 4e6f1e5f8c645bdcc74cd837a20f607ff262c048
  RMessage: 761f8ff71247b8d72d0c4a0be5a8e6ce8dfdedd0
  SDWebImage: 624d6e296c69b244bcede364c72ae0430ac14681
  SWXMLHash: f6e0933ce74f2626669dc544851bc9fc1941670d
  TTTAttributedLabel: 8cffe8e127e4e82ff3af1e5386d4cd0ad000b656

PODFILE CHECKSUM: a1bafbc0b382a337ba6532c2a42cbbf72c84b00e

COCOAPODS: 1.6.1
